
Microsoft Visual Studio Solution File, Format Version 12.00
# Visual Studio Version 16
VisualStudioVersion = 16.0.30611.23
MinimumVisualStudioVersion = 10.0.40219.1
Project("{9A19103F-16F7-4668-BE54-9A1E7A4F7556}") = "Server", "Server\Server.csproj", "{54E13EDE-E936-4086-8EDD-DF8656E24640}"
	ProjectSection(ProjectDependencies) = postProject
		{8A8ABAD2-19BD-4F8D-A794-261836A4E724} = {8A8ABAD2-19BD-4F8D-A794-261836A4E724}
	EndProjectSection
EndProject
Project("{9A19103F-16F7-4668-BE54-9A1E7A4F7556}") = "Client", "Client\Client.csproj", "{F82E2630-3F52-4720-BC5E-E51B335BFAD1}"
EndProject
Project("{9A19103F-16F7-4668-BE54-9A1E7A4F7556}") = "XProtocol", "XProtocol\XProtocol.csproj", "{8A8ABAD2-19BD-4F8D-A794-261836A4E724}"
EndProject
Project("{2150E333-8FDC-42A3-9474-1A3956D46DE8}") = "Data", "Data", "{20A06202-E34C-4760-BA59-3AA07B539EC5}"
	ProjectSection(SolutionItems) = preProject
		Akcijos.txt = Akcijos.txt
		CardNumber.txt = CardNumber.txt
		PanaudotiAkcijosKodai.txt = PanaudotiAkcijosKodai.txt
	EndProjectSection
EndProject
Global
	GlobalSection(SolutionConfigurationPlatforms) = preSolution
		Debug|Any CPU = Debug|Any CPU
		Release|Any CPU = Release|Any CPU
	EndGlobalSection
	GlobalSection(ProjectConfigurationPlatforms) = postSolution
		{54E13EDE-E936-4086-8EDD-DF8656E24640}.Debug|Any CPU.ActiveCfg = Debug|Any CPU
		{54E13EDE-E936-4086-8EDD-DF8656E24640}.Debug|Any CPU.Build.0 = Debug|Any CPU
		{54E13EDE-E936-4086-8EDD-DF8656E24640}.Release|Any CPU.ActiveCfg = Release|Any CPU
		{54E13EDE-E936-4086-8EDD-DF8656E24640}.Release|Any CPU.Build.0 = Release|Any CPU
		{F82E2630-3F52-4720-BC5E-E51B335BFAD1}.Debug|Any CPU.ActiveCfg = Debug|Any CPU
		{F82E2630-3F52-4720-BC5E-E51B335BFAD1}.Debug|Any CPU.Build.0 = Debug|Any CPU
		{F82E2630-3F52-4720-BC5E-E51B335BFAD1}.Release|Any CPU.ActiveCfg = Release|Any CPU
		{F82E2630-3F52-4720-BC5E-E51B335BFAD1}.Release|Any CPU.Build.0 = Release|Any CPU
		{8A8ABAD2-19BD-4F8D-A794-261836A4E724}.Debug|Any CPU.ActiveCfg = Debug|Any CPU
		{8A8ABAD2-19BD-4F8D-A794-261836A4E724}.Debug|Any CPU.Build.0 = Debug|Any CPU
		{8A8ABAD2-19BD-4F8D-A794-261836A4E724}.Release|Any CPU.ActiveCfg = Release|Any CPU
		{8A8ABAD2-19BD-4F8D-A794-261836A4E724}.Release|Any CPU.Build.0 = Release|Any CPU
	EndGlobalSection
	GlobalSection(SolutionProperties) = preSolution
		HideSolutionNode = FALSE
	EndGlobalSection
	GlobalSection(ExtensibilityGlobals) = postSolution
		SolutionGuid = {77D385D0-CC5C-4265-963A-729569BE1E84}
	EndGlobalSection
EndGlobal
